
Microsoft Visual Studio Solution File, Format Version 11.00
# Visual Studio 2010
Project("{FAE04EC0-301F-11D3-BF4B-00C04F79EFBC}") = "Oyster.Examples.Expressions", "Oyster.Examples.Expressions\Oyster.Examples.Expressions.csproj", "{8C6EE5D4-1C21-4CD2-81EB-D3BA3E42F80E}"
EndProject
Project("{FAE04EC0-301F-11D3-BF4B-00C04F79EFBC}") = "Oyster.Examples.Expressions.Test", "Oyster.Examples.Expressions.Test\Oyster.Examples.Expressions.Test.csproj", "{7010EA26-1666-4123-B279-E95DBA04772E}"
EndProject
Global
	GlobalSection(SolutionConfigurationPlatforms) = preSolution
		Debug|Any CPU = Debug|Any CPU
		Release|Any CPU = Release|Any CPU
	EndGlobalSection
	GlobalSection(ProjectConfigurationPlatforms) = postSolution
		{8C6EE5D4-1C21-4CD2-81EB-D3BA3E42F80E}.Debug|Any CPU.ActiveCfg = Debug|Any CPU
		{8C6EE5D4-1C21-4CD2-81EB-D3BA3E42F80E}.Debug|Any CPU.Build.0 = Debug|Any CPU
		{8C6EE5D4-1C21-4CD2-81EB-D3BA3E42F80E}.Release|Any CPU.ActiveCfg = Release|Any CPU
		{8C6EE5D4-1C21-4CD2-81EB-D3BA3E42F80E}.Release|Any CPU.Build.0 = Release|Any CPU
		{7010EA26-1666-4123-B279-E95DBA04772E}.Debug|Any CPU.ActiveCfg = Debug|Any CPU
		{7010EA26-1666-4123-B279-E95DBA04772E}.Debug|Any CPU.Build.0 = Debug|Any CPU
		{7010EA26-1666-4123-B279-E95DBA04772E}.Release|Any CPU.ActiveCfg = Release|Any CPU
		{7010EA26-1666-4123-B279-E95DBA04772E}.Release|Any CPU.Build.0 = Release|Any CPU
	EndGlobalSection
	GlobalSection(SolutionProperties) = preSolution
		HideSolutionNode = FALSE
	EndGlobalSection
EndGlobal
