
Microsoft Visual Studio Solution File, Format Version 11.00
# Visual Studio 2010
Project("{FAE04EC0-301F-11D3-BF4B-00C04F79EFBC}") = "Oyster.Examples.IntXTest", "Oyster.Examples.IntXTest.csproj", "{26878F23-CA45-4B02-83D0-C98115BBA400}"
EndProject
Global
	GlobalSection(SolutionConfigurationPlatforms) = preSolution
		Debug|x86 = Debug|x86
		Release|x86 = Release|x86
	EndGlobalSection
	GlobalSection(ProjectConfigurationPlatforms) = postSolution
		{26878F23-CA45-4B02-83D0-C98115BBA400}.Debug|x86.ActiveCfg = Debug|x86
		{26878F23-CA45-4B02-83D0-C98115BBA400}.Debug|x86.Build.0 = Debug|x86
		{26878F23-CA45-4B02-83D0-C98115BBA400}.Release|x86.ActiveCfg = Release|x86
		{26878F23-CA45-4B02-83D0-C98115BBA400}.Release|x86.Build.0 = Release|x86
	EndGlobalSection
	GlobalSection(SolutionProperties) = preSolution
		HideSolutionNode = FALSE
	EndGlobalSection
EndGlobal
